
Microsoft Visual Studio Solution File, Format Version 12.00
Project("{FAE04EC0-301F-11D3-BF4B-00C04F79EFBC}") = "SLoggerBusinessLogic", "SLoggerBusinessLogic\SLoggerBusinessLogic.csproj", "{841A0A9D-2434-4E6F-B8A0-1F539A97C14F}"
EndProject
Project("{FAE04EC0-301F-11D3-BF4B-00C04F79EFBC}") = "SLoggerCommand", "SLoggerCommand\SLoggerCommand.csproj", "{A490BE15-E668-44F4-8F88-7C7433E2840B}"
EndProject
Project("{FAE04EC0-301F-11D3-BF4B-00C04F79EFBC}") = "SLoggerUnitTests", "SLoggerUnitTests\SLoggerUnitTests.csproj", "{02587007-28FC-4C89-BC7E-704FC0A5F98E}"
EndProject
Global
	GlobalSection(SolutionConfigurationPlatforms) = preSolution
		Debug|Any CPU = Debug|Any CPU
		Release|Any CPU = Release|Any CPU
	EndGlobalSection
	GlobalSection(ProjectConfigurationPlatforms) = postSolution
		{841A0A9D-2434-4E6F-B8A0-1F539A97C14F}.Debug|Any CPU.ActiveCfg = Debug|Any CPU
		{841A0A9D-2434-4E6F-B8A0-1F539A97C14F}.Debug|Any CPU.Build.0 = Debug|Any CPU
		{841A0A9D-2434-4E6F-B8A0-1F539A97C14F}.Release|Any CPU.ActiveCfg = Release|Any CPU
		{841A0A9D-2434-4E6F-B8A0-1F539A97C14F}.Release|Any CPU.Build.0 = Release|Any CPU
		{A490BE15-E668-44F4-8F88-7C7433E2840B}.Debug|Any CPU.ActiveCfg = Debug|Any CPU
		{A490BE15-E668-44F4-8F88-7C7433E2840B}.Debug|Any CPU.Build.0 = Debug|Any CPU
		{A490BE15-E668-44F4-8F88-7C7433E2840B}.Release|Any CPU.ActiveCfg = Release|Any CPU
		{A490BE15-E668-44F4-8F88-7C7433E2840B}.Release|Any CPU.Build.0 = Release|Any CPU
		{02587007-28FC-4C89-BC7E-704FC0A5F98E}.Debug|Any CPU.ActiveCfg = Debug|Any CPU
		{02587007-28FC-4C89-BC7E-704FC0A5F98E}.Debug|Any CPU.Build.0 = Debug|Any CPU
		{02587007-28FC-4C89-BC7E-704FC0A5F98E}.Release|Any CPU.ActiveCfg = Release|Any CPU
		{02587007-28FC-4C89-BC7E-704FC0A5F98E}.Release|Any CPU.Build.0 = Release|Any CPU
	EndGlobalSection
EndGlobal
